// !$*UTF8*$!
{
	archiveVersion = 1;
	classes = {
	};
	objectVersion = 46;
	objects = {

/* Begin PBXBuildFile section */
		FA58D1A018381980005C8239 /* Foundation.framework in Frameworks */ = {isa = PBXBuildFile; fileRef = FA58D19F18381980005C8239 /* Foundation.framework */; };
		FA58D1A218381980005C8239 /* CoreGraphics.framework in Frameworks */ = {isa = PBXBuildFile; fileRef = FA58D1A118381980005C8239 /* CoreGraphics.framework */; };
		FA58D1A418381980005C8239 /* UIKit.framework in Frameworks */ = {isa = PBXBuildFile; fileRef = FA58D1A318381980005C8239 /* UIKit.framework */; };
		FA58D1AA18381980005C8239 /* InfoPlist.strings in Resources */ = {isa = PBXBuildFile; fileRef = FA58D1A818381980005C8239 /* InfoPlist.strings */; };
		FA58D1AC18381980005C8239 /* main.m in Sources */ = {isa = PBXBuildFile; fileRef = FA58D1AB18381980005C8239 /* main.m */; };
		FA58D1B018381980005C8239 /* BHAppDelegate.m in Sources */ = {isa = PBXBuildFile; fileRef = FA58D1AF18381980005C8239 /* BHAppDelegate.m */; };
		FA58D1B318381980005C8239 /* Main.storyboard in Resources */ = {isa = PBXBuildFile; fileRef = FA58D1B118381980005C8239 /* Main.storyboard */; };
		FA58D1B618381980005C8239 /* BHViewController.m in Sources */ = {isa = PBXBuildFile; fileRef = FA58D1B518381980005C8239 /* BHViewController.m */; };
		FA58D1B818381980005C8239 /* Images.xcassets in Resources */ = {isa = PBXBuildFile; fileRef = FA58D1B718381980005C8239 /* Images.xcassets */; };
		FA58D1BF18381980005C8239 /* XCTest.framework in Frameworks */ = {isa = PBXBuildFile; fileRef = FA58D1BE18381980005C8239 /* XCTest.framework */; };
		FA58D1C018381980005C8239 /* Foundation.framework in Frameworks */ = {isa = PBXBuildFile; fileRef = FA58D19F18381980005C8239 /* Foundation.framework */; };
		FA58D1C118381980005C8239 /* UIKit.framework in Frameworks */ = {isa = PBXBuildFile; fileRef = FA58D1A318381980005C8239 /* UIKit.framework */; };
		FA58D1C918381980005C8239 /* InfoPlist.strings in Resources */ = {isa = PBXBuildFile; fileRef = FA58D1C718381980005C8239 /* InfoPlist.strings */; };
		FA58D1CB18381980005C8239 /* BattlehackHackIOSClientTests.m in Sources */ = {isa = PBXBuildFile; fileRef = FA58D1CA18381980005C8239 /* BattlehackHackIOSClientTests.m */; };
		FA58D1D918381AF7005C8239 /* BLE.m in Sources */ = {isa = PBXBuildFile; fileRef = FA58D1D718381AF7005C8239 /* BLE.m */; };
		FA58D1DD18381C11005C8239 /* BHbleController.m in Sources */ = {isa = PBXBuildFile; fileRef = FA58D1DC18381C11005C8239 /* BHbleController.m */; };
		FA58D1E018382A24005C8239 /* BHGetDonationDetails.m in Sources */ = {isa = PBXBuildFile; fileRef = FA58D1DF18382A24005C8239 /* BHGetDonationDetails.m */; };
		FA58D1E3183831EA005C8239 /* BHUpdateDonationDetails.m in Sources */ = {isa = PBXBuildFile; fileRef = FA58D1E2183831EA005C8239 /* BHUpdateDonationDetails.m */; };
		FABA5B92183835AA00EB9A76 /* libPayPalMobile.a in Frameworks */ = {isa = PBXBuildFile; fileRef = FABA5B8E183835AA00EB9A76 /* libPayPalMobile.a */; };
		FABA5B94183835E400EB9A76 /* AVFoundation.framework in Frameworks */ = {isa = PBXBuildFile; fileRef = FABA5B93183835E400EB9A76 /* AVFoundation.framework */; };
		FABA5B96183835EA00EB9A76 /* AudioToolbox.framework in Frameworks */ = {isa = PBXBuildFile; fileRef = FABA5B95183835EA00EB9A76 /* AudioToolbox.framework */; };
		FABA5B98183835F100EB9A76 /* CoreMedia.framework in Frameworks */ = {isa = PBXBuildFile; fileRef = FABA5B97183835F100EB9A76 /* CoreMedia.framework */; };
		FABA5B9A183835F900EB9A76 /* CoreVideo.framework in Frameworks */ = {isa = PBXBuildFile; fileRef = FABA5B99183835F900EB9A76 /* CoreVideo.framework */; };
		FABA5B9C1838360200EB9A76 /* libxml2.dylib in Frameworks */ = {isa = PBXBuildFile; fileRef = FABA5B9B1838360200EB9A76 /* libxml2.dylib */; };
		FABA5B9E1838360900EB9A76 /* MessageUI.framework in Frameworks */ = {isa = PBXBuildFile; fileRef = FABA5B9D1838360900EB9A76 /* MessageUI.framework */; };
		FABA5BA01838361100EB9A76 /* MobileCoreServices.framework in Frameworks */ = {isa = PBXBuildFile; fileRef = FABA5B9F1838361100EB9A76 /* MobileCoreServices.framework */; };
		FABA5BA21838361800EB9A76 /* OpenGLES.framework in Frameworks */ = {isa = PBXBuildFile; fileRef = FABA5BA11838361800EB9A76 /* OpenGLES.framework */; };
		FABA5BA41838361E00EB9A76 /* QuartzCore.framework in Frameworks */ = {isa = PBXBuildFile; fileRef = FABA5BA31838361E00EB9A76 /* QuartzCore.framework */; };
		FABA5BA61838362600EB9A76 /* Security.framework in Frameworks */ = {isa = PBXBuildFile; fileRef = FABA5BA51838362500EB9A76 /* Security.framework */; };
		FABA5BA81838362E00EB9A76 /* SystemConfiguration.framework in Frameworks */ = {isa = PBXBuildFile; fileRef = FABA5BA71838362E00EB9A76 /* SystemConfiguration.framework */; };
/* End PBXBuildFile section */

/* Begin PBXContainerItemProxy section */
		FA58D1C218381980005C8239 /* PBXContainerItemProxy */ = {
			isa = PBXContainerItemProxy;
			containerPortal = FA58D19418381980005C8239 /* Project object */;
			proxyType = 1;
			remoteGlobalIDString = FA58D19B18381980005C8239;
			remoteInfo = BattlehackHackIOSClient;
		};
/* End PBXContainerItemProxy section */

/* Begin PBXFileReference section */
		FA58D19C18381980005C8239 /* BattlehackHackIOSClient.app */ = {isa = PBXFileReference; explicitFileType = wrapper.application; includeInIndex = 0; path = BattlehackHackIOSClient.app; sourceTree = BUILT_PRODUCTS_DIR; };
		FA58D19F18381980005C8239 /* Foundation.framework */ = {isa = PBXFileReference; lastKnownFileType = wrapper.framework; name = Foundation.framework; path = System/Library/Frameworks/Foundation.framework; sourceTree = SDKROOT; };
		FA58D1A118381980005C8239 /* CoreGraphics.framework */ = {isa = PBXFileReference; lastKnownFileType = wrapper.framework; name = CoreGraphics.framework; path = System/Library/Frameworks/CoreGraphics.framework; sourceTree = SDKROOT; };
		FA58D1A318381980005C8239 /* UIKit.framework */ = {isa = PBXFileReference; lastKnownFileType = wrapper.framework; name = UIKit.framework; path = System/Library/Frameworks/UIKit.framework; sourceTree = SDKROOT; };
		FA58D1A718381980005C8239 /* BattlehackHackIOSClient-Info.plist */ = {isa = PBXFileReference; lastKnownFileType = text.plist.xml; path = "BattlehackHackIOSClient-Info.plist"; sourceTree = "<group>"; };
		FA58D1A918381980005C8239 /* en */ = {isa = PBXFileReference; lastKnownFileType = text.plist.strings; name = en; path = en.lproj/InfoPlist.strings; sourceTree = "<group>"; };
		FA58D1AB18381980005C8239 /* main.m */ = {isa = PBXFileReference; lastKnownFileType = sourcecode.c.objc; path = main.m; sourceTree = "<group>"; };
		FA58D1AD18381980005C8239 /* BattlehackHackIOSClient-Prefix.pch */ = {isa = PBXFileReference; lastKnownFileType = sourcecode.c.h; path = "BattlehackHackIOSClient-Prefix.pch"; sourceTree = "<group>"; };
		FA58D1AE18381980005C8239 /* BHAppDelegate.h */ = {isa = PBXFileReference; lastKnownFileType = sourcecode.c.h; path = BHAppDelegate.h; sourceTree = "<group>"; };
		FA58D1AF18381980005C8239 /* BHAppDelegate.m */ = {isa = PBXFileReference; lastKnownFileType = sourcecode.c.objc; path = BHAppDelegate.m; sourceTree = "<group>"; };
		FA58D1B218381980005C8239 /* Base */ = {isa = PBXFileReference; lastKnownFileType = file.storyboard; name = Base; path = Base.lproj/Main.storyboard; sourceTree = "<group>"; };
		FA58D1B418381980005C8239 /* BHViewController.h */ = {isa = PBXFileReference; lastKnownFileType = sourcecode.c.h; path = BHViewController.h; sourceTree = "<group>"; };
		FA58D1B518381980005C8239 /* BHViewController.m */ = {isa = PBXFileReference; lastKnownFileType = sourcecode.c.objc; path = BHViewController.m; sourceTree = "<group>"; };
		FA58D1B718381980005C8239 /* Images.xcassets */ = {isa = PBXFileReference; lastKnownFileType = folder.assetcatalog; path = Images.xcassets; sourceTree = "<group>"; };
		FA58D1BD18381980005C8239 /* BattlehackHackIOSClientTests.xctest */ = {isa = PBXFileReference; explicitFileType = wrapper.cfbundle; includeInIndex = 0; path = BattlehackHackIOSClientTests.xctest; sourceTree = BUILT_PRODUCTS_DIR; };
		FA58D1BE18381980005C8239 /* XCTest.framework */ = {isa = PBXFileReference; lastKnownFileType = wrapper.framework; name = XCTest.framework; path = Library/Frameworks/XCTest.framework; sourceTree = DEVELOPER_DIR; };
		FA58D1C618381980005C8239 /* BattlehackHackIOSClientTests-Info.plist */ = {isa = PBXFileReference; lastKnownFileType = text.plist.xml; path = "BattlehackHackIOSClientTests-Info.plist"; sourceTree = "<group>"; };
		FA58D1C818381980005C8239 /* en */ = {isa = PBXFileReference; lastKnownFileType = text.plist.strings; name = en; path = en.lproj/InfoPlist.strings; sourceTree = "<group>"; };
		FA58D1CA18381980005C8239 /* BattlehackHackIOSClientTests.m */ = {isa = PBXFileReference; lastKnownFileType = sourcecode.c.objc; path = BattlehackHackIOSClientTests.m; sourceTree = "<group>"; };
		FA58D1D618381AF7005C8239 /* BLE.h */ = {isa = PBXFileReference; fileEncoding = 4; lastKnownFileType = sourcecode.c.h; path = BLE.h; sourceTree = "<group>"; };
		FA58D1D718381AF7005C8239 /* BLE.m */ = {isa = PBXFileReference; fileEncoding = 4; lastKnownFileType = sourcecode.c.objc; path = BLE.m; sourceTree = "<group>"; };
		FA58D1D818381AF7005C8239 /* BLEDefines.h */ = {isa = PBXFileReference; fileEncoding = 4; lastKnownFileType = sourcecode.c.h; path = BLEDefines.h; sourceTree = "<group>"; };
		FA58D1DB18381C11005C8239 /* BHbleController.h */ = {isa = PBXFileReference; fileEncoding = 4; lastKnownFileType = sourcecode.c.h; path = BHbleController.h; sourceTree = "<group>"; };
		FA58D1DC18381C11005C8239 /* BHbleController.m */ = {isa = PBXFileReference; fileEncoding = 4; lastKnownFileType = sourcecode.c.objc; path = BHbleController.m; sourceTree = "<group>"; };
		FA58D1DE18382A24005C8239 /* BHGetDonationDetails.h */ = {isa = PBXFileReference; fileEncoding = 4; lastKnownFileType = sourcecode.c.h; path = BHGetDonationDetails.h; sourceTree = "<group>"; };
		FA58D1DF18382A24005C8239 /* BHGetDonationDetails.m */ = {isa = PBXFileReference; fileEncoding = 4; lastKnownFileType = sourcecode.c.objc; path = BHGetDonationDetails.m; sourceTree = "<group>"; };
		FA58D1E1183831EA005C8239 /* BHUpdateDonationDetails.h */ = {isa = PBXFileReference; fileEncoding = 4; lastKnownFileType = sourcecode.c.h; path = BHUpdateDonationDetails.h; sourceTree = "<group>"; };
		FA58D1E2183831EA005C8239 /* BHUpdateDonationDetails.m */ = {isa = PBXFileReference; fileEncoding = 4; lastKnownFileType = sourcecode.c.objc; path = BHUpdateDonationDetails.m; sourceTree = "<group>"; };
		FABA5B8E183835AA00EB9A76 /* libPayPalMobile.a */ = {isa = PBXFileReference; lastKnownFileType = archive.ar; path = libPayPalMobile.a; sourceTree = "<group>"; };
		FABA5B8F183835AA00EB9A76 /* PayPalMobile.h */ = {isa = PBXFileReference; fileEncoding = 4; lastKnownFileType = sourcecode.c.h; path = PayPalMobile.h; sourceTree = "<group>"; };
		FABA5B90183835AA00EB9A76 /* PayPalPayment.h */ = {isa = PBXFileReference; fileEncoding = 4; lastKnownFileType = sourcecode.c.h; path = PayPalPayment.h; sourceTree = "<group>"; };
		FABA5B91183835AA00EB9A76 /* PayPalPaymentViewController.h */ = {isa = PBXFileReference; fileEncoding = 4; lastKnownFileType = sourcecode.c.h; path = PayPalPaymentViewController.h; sourceTree = "<group>"; };
		FABA5B93183835E400EB9A76 /* AVFoundation.framework */ = {isa = PBXFileReference; lastKnownFileType = wrapper.framework; name = AVFoundation.framework; path = System/Library/Frameworks/AVFoundation.framework; sourceTree = SDKROOT; };
		FABA5B95183835EA00EB9A76 /* AudioToolbox.framework */ = {isa = PBXFileReference; lastKnownFileType = wrapper.framework; name = AudioToolbox.framework; path = System/Library/Frameworks/AudioToolbox.framework; sourceTree = SDKROOT; };
		FABA5B97183835F100EB9A76 /* CoreMedia.framework */ = {isa = PBXFileReference; lastKnownFileType = wrapper.framework; name = CoreMedia.framework; path = System/Library/Frameworks/CoreMedia.framework; sourceTree = SDKROOT; };
		FABA5B99183835F900EB9A76 /* CoreVideo.framework */ = {isa = PBXFileReference; lastKnownFileType = wrapper.framework; name = CoreVideo.framework; path = System/Library/Frameworks/CoreVideo.framework; sourceTree = SDKROOT; };
		FABA5B9B1838360200EB9A76 /* libxml2.dylib */ = {isa = PBXFileReference; lastKnownFileType = "compiled.mach-o.dylib"; name = libxml2.dylib; path = usr/lib/libxml2.dylib; sourceTree = SDKROOT; };
		FABA5B9D1838360900EB9A76 /* MessageUI.framework */ = {isa = PBXFileReference; lastKnownFileType = wrapper.framework; name = MessageUI.framework; path = System/Library/Frameworks/MessageUI.framework; sourceTree = SDKROOT; };
		FABA5B9F1838361100EB9A76 /* MobileCoreServices.framework */ = {isa = PBXFileReference; lastKnownFileType = wrapper.framework; name = MobileCoreServices.framework; path = System/Library/Frameworks/MobileCoreServices.framework; sourceTree = SDKROOT; };
		FABA5BA11838361800EB9A76 /* OpenGLES.framework */ = {isa = PBXFileReference; lastKnownFileType = wrapper.framework; name = OpenGLES.framework; path = System/Library/Frameworks/OpenGLES.framework; sourceTree = SDKROOT; };
		FABA5BA31838361E00EB9A76 /* QuartzCore.framework */ = {isa = PBXFileReference; lastKnownFileType = wrapper.framework; name = QuartzCore.framework; path = System/Library/Frameworks/QuartzCore.framework; sourceTree = SDKROOT; };
		FABA5BA51838362500EB9A76 /* Security.framework */ = {isa = PBXFileReference; lastKnownFileType = wrapper.framework; name = Security.framework; path = System/Library/Frameworks/Security.framework; sourceTree = SDKROOT; };
		FABA5BA71838362E00EB9A76 /* SystemConfiguration.framework */ = {isa = PBXFileReference; lastKnownFileType = wrapper.framework; name = SystemConfiguration.framework; path = System/Library/Frameworks/SystemConfiguration.framework; sourceTree = SDKROOT; };
/* End PBXFileReference section */

/* Begin PBXFrameworksBuildPhase section */
		FA58D19918381980005C8239 /* Frameworks */ = {
			isa = PBXFrameworksBuildPhase;
			buildActionMask = 2147483647;
			files = (
				FA58D1A418381980005C8239 /* UIKit.framework in Frameworks */,
				FABA5BA81838362E00EB9A76 /* SystemConfiguration.framework in Frameworks */,
				FABA5BA61838362600EB9A76 /* Security.framework in Frameworks */,
				FABA5BA41838361E00EB9A76 /* QuartzCore.framework in Frameworks */,
				FABA5BA21838361800EB9A76 /* OpenGLES.framework in Frameworks */,
				FABA5BA01838361100EB9A76 /* MobileCoreServices.framework in Frameworks */,
				FABA5B9E1838360900EB9A76 /* MessageUI.framework in Frameworks */,
				FABA5B9C1838360200EB9A76 /* libxml2.dylib in Frameworks */,
				FABA5B9A183835F900EB9A76 /* CoreVideo.framework in Frameworks */,
				FABA5B98183835F100EB9A76 /* CoreMedia.framework in Frameworks */,
				FABA5B96183835EA00EB9A76 /* AudioToolbox.framework in Frameworks */,
				FABA5B94183835E400EB9A76 /* AVFoundation.framework in Frameworks */,
				FA58D1A218381980005C8239 /* CoreGraphics.framework in Frameworks */,
				FABA5B92183835AA00EB9A76 /* libPayPalMobile.a in Frameworks */,
				FA58D1A018381980005C8239 /* Foundation.framework in Frameworks */,
			);
			runOnlyForDeploymentPostprocessing = 0;
		};
		FA58D1BA18381980005C8239 /* Frameworks */ = {
			isa = PBXFrameworksBuildPhase;
			buildActionMask = 2147483647;
			files = (
				FA58D1BF18381980005C8239 /* XCTest.framework in Frameworks */,
				FA58D1C118381980005C8239 /* UIKit.framework in Frameworks */,
				FA58D1C018381980005C8239 /* Foundation.framework in Frameworks */,
			);
			runOnlyForDeploymentPostprocessing = 0;
		};
/* End PBXFrameworksBuildPhase section */

/* Begin PBXGroup section */
		FA58D19318381980005C8239 = {
			isa = PBXGroup;
			children = (
				FA58D1A518381980005C8239 /* BattlehackHackIOSClient */,
				FA58D1C418381980005C8239 /* BattlehackHackIOSClientTests */,
				FA58D19E18381980005C8239 /* Frameworks */,
				FA58D19D18381980005C8239 /* Products */,
			);
			sourceTree = "<group>";
		};
		FA58D19D18381980005C8239 /* Products */ = {
			isa = PBXGroup;
			children = (
				FA58D19C18381980005C8239 /* BattlehackHackIOSClient.app */,
				FA58D1BD18381980005C8239 /* BattlehackHackIOSClientTests.xctest */,
			);
			name = Products;
			sourceTree = "<group>";
		};
		FA58D19E18381980005C8239 /* Frameworks */ = {
			isa = PBXGroup;
			children = (
				FABA5BA71838362E00EB9A76 /* SystemConfiguration.framework */,
				FABA5BA51838362500EB9A76 /* Security.framework */,
				FABA5BA31838361E00EB9A76 /* QuartzCore.framework */,
				FABA5BA11838361800EB9A76 /* OpenGLES.framework */,
				FABA5B9F1838361100EB9A76 /* MobileCoreServices.framework */,
				FABA5B9D1838360900EB9A76 /* MessageUI.framework */,
				FABA5B9B1838360200EB9A76 /* libxml2.dylib */,
				FABA5B99183835F900EB9A76 /* CoreVideo.framework */,
				FABA5B97183835F100EB9A76 /* CoreMedia.framework */,
				FABA5B95183835EA00EB9A76 /* AudioToolbox.framework */,
				FABA5B93183835E400EB9A76 /* AVFoundation.framework */,
				FABA5B8D183835AA00EB9A76 /* PayPalMobile */,
				FA58D1D518381AF7005C8239 /* BLE */,
				FA58D19F18381980005C8239 /* Foundation.framework */,
				FA58D1A118381980005C8239 /* CoreGraphics.framework */,
				FA58D1A318381980005C8239 /* UIKit.framework */,
				FA58D1BE18381980005C8239 /* XCTest.framework */,
			);
			name = Frameworks;
			sourceTree = "<group>";
		};
		FA58D1A518381980005C8239 /* BattlehackHackIOSClient */ = {
			isa = PBXGroup;
			children = (
				FA58D1DA18381B25005C8239 /* ble */,
				FA58D1D418381AB9005C8239 /* handlers */,
				FA58D1AE18381980005C8239 /* BHAppDelegate.h */,
				FA58D1AF18381980005C8239 /* BHAppDelegate.m */,
				FA58D1B118381980005C8239 /* Main.storyboard */,
				FA58D1B418381980005C8239 /* BHViewController.h */,
				FA58D1B518381980005C8239 /* BHViewController.m */,
				FA58D1B718381980005C8239 /* Images.xcassets */,
				FA58D1A618381980005C8239 /* Supporting Files */,
			);
			path = BattlehackHackIOSClient;
			sourceTree = "<group>";
		};
		FA58D1A618381980005C8239 /* Supporting Files */ = {
			isa = PBXGroup;
			children = (
				FA58D1A718381980005C8239 /* BattlehackHackIOSClient-Info.plist */,
				FA58D1A818381980005C8239 /* InfoPlist.strings */,
				FA58D1AB18381980005C8239 /* main.m */,
				FA58D1AD18381980005C8239 /* BattlehackHackIOSClient-Prefix.pch */,
			);
			name = "Supporting Files";
			sourceTree = "<group>";
		};
		FA58D1C418381980005C8239 /* BattlehackHackIOSClientTests */ = {
			isa = PBXGroup;
			children = (
				FA58D1CA18381980005C8239 /* BattlehackHackIOSClientTests.m */,
				FA58D1C518381980005C8239 /* Supporting Files */,
			);
			path = BattlehackHackIOSClientTests;
			sourceTree = "<group>";
		};
		FA58D1C518381980005C8239 /* Supporting Files */ = {
			isa = PBXGroup;
			children = (
				FA58D1C618381980005C8239 /* BattlehackHackIOSClientTests-Info.plist */,
				FA58D1C718381980005C8239 /* InfoPlist.strings */,
			);
			name = "Supporting Files";
			sourceTree = "<group>";
		};
		FA58D1D418381AB9005C8239 /* handlers */ = {
			isa = PBXGroup;
			children = (
				FA58D1DE18382A24005C8239 /* BHGetDonationDetails.h */,
				FA58D1DF18382A24005C8239 /* BHGetDonationDetails.m */,
				FA58D1E1183831EA005C8239 /* BHUpdateDonationDetails.h */,
				FA58D1E2183831EA005C8239 /* BHUpdateDonationDetails.m */,
			);
			name = handlers;
			sourceTree = "<group>";
		};
		FA58D1D518381AF7005C8239 /* BLE */ = {
			isa = PBXGroup;
			children = (
				FA58D1D618381AF7005C8239 /* BLE.h */,
				FA58D1D718381AF7005C8239 /* BLE.m */,
				FA58D1D818381AF7005C8239 /* BLEDefines.h */,
			);
			path = BLE;
			sourceTree = "<group>";
		};
		FA58D1DA18381B25005C8239 /* ble */ = {
			isa = PBXGroup;
			children = (
				FA58D1DB18381C11005C8239 /* BHbleController.h */,
				FA58D1DC18381C11005C8239 /* BHbleController.m */,
			);
			name = ble;
			sourceTree = "<group>";
		};
		FABA5B8D183835AA00EB9A76 /* PayPalMobile */ = {
			isa = PBXGroup;
			children = (
				FABA5B8E183835AA00EB9A76 /* libPayPalMobile.a */,
				FABA5B8F183835AA00EB9A76 /* PayPalMobile.h */,
				FABA5B90183835AA00EB9A76 /* PayPalPayment.h */,
				FABA5B91183835AA00EB9A76 /* PayPalPaymentViewController.h */,
			);
			path = PayPalMobile;
			sourceTree = "<group>";
		};
/* End PBXGroup section */

/* Begin PBXNativeTarget section */
		FA58D19B18381980005C8239 /* BattlehackHackIOSClient */ = {
			isa = PBXNativeTarget;
			buildConfigurationList = FA58D1CE18381980005C8239 /* Build configuration list for PBXNativeTarget "BattlehackHackIOSClient" */;
			buildPhases = (
				FA58D19818381980005C8239 /* Sources */,
				FA58D19918381980005C8239 /* Frameworks */,
				FA58D19A18381980005C8239 /* Resources */,
			);
			buildRules = (
			);
			dependencies = (
			);
			name = BattlehackHackIOSClient;
			productName = BattlehackHackIOSClient;
			productReference = FA58D19C18381980005C8239 /* BattlehackHackIOSClient.app */;
			productType = "com.apple.product-type.application";
		};
		FA58D1BC18381980005C8239 /* BattlehackHackIOSClientTests */ = {
			isa = PBXNativeTarget;
			buildConfigurationList = FA58D1D118381980005C8239 /* Build configuration list for PBXNativeTarget "BattlehackHackIOSClientTests" */;
			buildPhases = (
				FA58D1B918381980005C8239 /* Sources */,
				FA58D1BA18381980005C8239 /* Frameworks */,
				FA58D1BB18381980005C8239 /* Resources */,
			);
			buildRules = (
			);
			dependencies = (
				FA58D1C318381980005C8239 /* PBXTargetDependency */,
			);
			name = BattlehackHackIOSClientTests;
			productName = BattlehackHackIOSClientTests;
			productReference = FA58D1BD18381980005C8239 /* BattlehackHackIOSClientTests.xctest */;
			productType = "com.apple.product-type.bundle.unit-test";
		};
/* End PBXNativeTarget section */

/* Begin PBXProject section */
		FA58D19418381980005C8239 /* Project object */ = {
			isa = PBXProject;
			attributes = {
				CLASSPREFIX = BH;
				LastUpgradeCheck = 0500;
				ORGANIZATIONNAME = Empatika;
				TargetAttributes = {
					FA58D1BC18381980005C8239 = {
						TestTargetID = FA58D19B18381980005C8239;
					};
				};
			};
			buildConfigurationList = FA58D19718381980005C8239 /* Build configuration list for PBXProject "BattlehackHackIOSClient" */;
			compatibilityVersion = "Xcode 3.2";
			developmentRegion = English;
			hasScannedForEncodings = 0;
			knownRegions = (
				en,
				Base,
			);
			mainGroup = FA58D19318381980005C8239;
			productRefGroup = FA58D19D18381980005C8239 /* Products */;
			projectDirPath = "";
			projectRoot = "";
			targets = (
				FA58D19B18381980005C8239 /* BattlehackHackIOSClient */,
				FA58D1BC18381980005C8239 /* BattlehackHackIOSClientTests */,
			);
		};
/* End PBXProject section */

/* Begin PBXResourcesBuildPhase section */
		FA58D19A18381980005C8239 /* Resources */ = {
			isa = PBXResourcesBuildPhase;
			buildActionMask = 2147483647;
			files = (
				FA58D1B818381980005C8239 /* Images.xcassets in Resources */,
				FA58D1AA18381980005C8239 /* InfoPlist.strings in Resources */,
				FA58D1B318381980005C8239 /* Main.storyboard in Resources */,
			);
			runOnlyForDeploymentPostprocessing = 0;
		};
		FA58D1BB18381980005C8239 /* Resources */ = {
			isa = PBXResourcesBuildPhase;
			buildActionMask = 2147483647;
			files = (
				FA58D1C918381980005C8239 /* InfoPlist.strings in Resources */,
			);
			runOnlyForDeploymentPostprocessing = 0;
		};
/* End PBXResourcesBuildPhase section */

/* Begin PBXSourcesBuildPhase section */
		FA58D19818381980005C8239 /* Sources */ = {
			isa = PBXSourcesBuildPhase;
			buildActionMask = 2147483647;
			files = (
				FA58D1B618381980005C8239 /* BHViewController.m in Sources */,
				FA58D1B018381980005C8239 /* BHAppDelegate.m in Sources */,
				FA58D1DD18381C11005C8239 /* BHbleController.m in Sources */,
				FA58D1AC18381980005C8239 /* main.m in Sources */,
				FA58D1D918381AF7005C8239 /* BLE.m in Sources */,
				FA58D1E018382A24005C8239 /* BHGetDonationDetails.m in Sources */,
				FA58D1E3183831EA005C8239 /* BHUpdateDonationDetails.m in Sources */,
			);
			runOnlyForDeploymentPostprocessing = 0;
		};
		FA58D1B918381980005C8239 /* Sources */ = {
			isa = PBXSourcesBuildPhase;
			buildActionMask = 2147483647;
			files = (
				FA58D1CB18381980005C8239 /* BattlehackHackIOSClientTests.m in Sources */,
			);
			runOnlyForDeploymentPostprocessing = 0;
		};
/* End PBXSourcesBuildPhase section */

/* Begin PBXTargetDependency section */
		FA58D1C318381980005C8239 /* PBXTargetDependency */ = {
			isa = PBXTargetDependency;
			target = FA58D19B18381980005C8239 /* BattlehackHackIOSClient */;
			targetProxy = FA58D1C218381980005C8239 /* PBXContainerItemProxy */;
		};
/* End PBXTargetDependency section */

/* Begin PBXVariantGroup section */
		FA58D1A818381980005C8239 /* InfoPlist.strings */ = {
			isa = PBXVariantGroup;
			children = (
				FA58D1A918381980005C8239 /* en */,
			);
			name = InfoPlist.strings;
			sourceTree = "<group>";
		};
		FA58D1B118381980005C8239 /* Main.storyboard */ = {
			isa = PBXVariantGroup;
			children = (
				FA58D1B218381980005C8239 /* Base */,
			);
			name = Main.storyboard;
			sourceTree = "<group>";
		};
		FA58D1C718381980005C8239 /* InfoPlist.strings */ = {
			isa = PBXVariantGroup;
			children = (
				FA58D1C818381980005C8239 /* en */,
			);
			name = InfoPlist.strings;
			sourceTree = "<group>";
		};
/* End PBXVariantGroup section */

/* Begin XCBuildConfiguration section */
		FA58D1CC18381980005C8239 /* Debug */ = {
			isa = XCBuildConfiguration;
			buildSettings = {
				ALWAYS_SEARCH_USER_PATHS = NO;
				ARCHS = "$(ARCHS_STANDARD_INCLUDING_64_BIT)";
				CLANG_CXX_LANGUAGE_STANDARD = "gnu++0x";
				CLANG_CXX_LIBRARY = "libc++";
				CLANG_ENABLE_MODULES = YES;
				CLANG_ENABLE_OBJC_ARC = YES;
				CLANG_WARN_BOOL_CONVERSION = YES;
				CLANG_WARN_CONSTANT_CONVERSION = YES;
				CLANG_WARN_DIRECT_OBJC_ISA_USAGE = YES_ERROR;
				CLANG_WARN_EMPTY_BODY = YES;
				CLANG_WARN_ENUM_CONVERSION = YES;
				CLANG_WARN_INT_CONVERSION = YES;
				CLANG_WARN_OBJC_ROOT_CLASS = YES_ERROR;
				CLANG_WARN__DUPLICATE_METHOD_MATCH = YES;
				"CODE_SIGN_IDENTITY[sdk=iphoneos*]" = "iPhone Developer";
				COPY_PHASE_STRIP = NO;
				GCC_C_LANGUAGE_STANDARD = gnu99;
				GCC_DYNAMIC_NO_PIC = NO;
				GCC_OPTIMIZATION_LEVEL = 0;
				GCC_PREPROCESSOR_DEFINITIONS = (
					"DEBUG=1",
					"$(inherited)",
				);
				GCC_SYMBOLS_PRIVATE_EXTERN = NO;
				GCC_WARN_64_TO_32_BIT_CONVERSION = YES;
				GCC_WARN_ABOUT_RETURN_TYPE = YES_ERROR;
				GCC_WARN_UNDECLARED_SELECTOR = YES;
				GCC_WARN_UNINITIALIZED_AUTOS = YES;
				GCC_WARN_UNUSED_FUNCTION = YES;
				GCC_WARN_UNUSED_VARIABLE = YES;
				IPHONEOS_DEPLOYMENT_TARGET = 7.0;
				ONLY_ACTIVE_ARCH = YES;
				SDKROOT = iphoneos;
			};
			name = Debug;
		};
		FA58D1CD18381980005C8239 /* Release */ = {
			isa = XCBuildConfiguration;
			buildSettings = {
				ALWAYS_SEARCH_USER_PATHS = NO;
				ARCHS = "$(ARCHS_STANDARD_INCLUDING_64_BIT)";
				CLANG_CXX_LANGUAGE_STANDARD = "gnu++0x";
				CLANG_CXX_LIBRARY = "libc++";
				CLANG_ENABLE_MODULES = YES;
				CLANG_ENABLE_OBJC_ARC = YES;
				CLANG_WARN_BOOL_CONVERSION = YES;
				CLANG_WARN_CONSTANT_CONVERSION = YES;
				CLANG_WARN_DIRECT_OBJC_ISA_USAGE = YES_ERROR;
				CLANG_WARN_EMPTY_BODY = YES;
				CLANG_WARN_ENUM_CONVERSION = YES;
				CLANG_WARN_INT_CONVERSION = YES;
				CLANG_WARN_OBJC_ROOT_CLASS = YES_ERROR;
				CLANG_WARN__DUPLICATE_METHOD_MATCH = YES;
				"CODE_SIGN_IDENTITY[sdk=iphoneos*]" = "iPhone Developer";
				COPY_PHASE_STRIP = YES;
				ENABLE_NS_ASSERTIONS = NO;
				GCC_C_LANGUAGE_STANDARD = gnu99;
				GCC_WARN_64_TO_32_BIT_CONVERSION = YES;
				GCC_WARN_ABOUT_RETURN_TYPE = YES_ERROR;
				GCC_WARN_UNDECLARED_SELECTOR = YES;
				GCC_WARN_UNINITIALIZED_AUTOS = YES;
				GCC_WARN_UNUSED_FUNCTION = YES;
				GCC_WARN_UNUSED_VARIABLE = YES;
				IPHONEOS_DEPLOYMENT_TARGET = 7.0;
				SDKROOT = iphoneos;
				VALIDATE_PRODUCT = YES;
			};
			name = Release;
		};
		FA58D1CF18381980005C8239 /* Debug */ = {
			isa = XCBuildConfiguration;
			buildSettings = {
				ASSETCATALOG_COMPILER_APPICON_NAME = AppIcon;
				ASSETCATALOG_COMPILER_LAUNCHIMAGE_NAME = LaunchImage;
				GCC_PRECOMPILE_PREFIX_HEADER = YES;
				GCC_PREFIX_HEADER = "BattlehackHackIOSClient/BattlehackHackIOSClient-Prefix.pch";
				INFOPLIST_FILE = "BattlehackHackIOSClient/BattlehackHackIOSClient-Info.plist";
				LIBRARY_SEARCH_PATHS = (
					"$(inherited)",
					/Users/alex/Documents/Work/other/battlehack/moscow/BattlehackHackIOSClient/PayPalMobile,
				);
				"OTHER_LDFLAGS[arch=*]" = (
					"-lc++",
					"-ObjC",
				);
				PRODUCT_NAME = "$(TARGET_NAME)";
				WRAPPER_EXTENSION = app;
			};
			name = Debug;
		};
		FA58D1D018381980005C8239 /* Release */ = {
			isa = XCBuildConfiguration;
			buildSettings = {
				ASSETCATALOG_COMPILER_APPICON_NAME = AppIcon;
				ASSETCATALOG_COMPILER_LAUNCHIMAGE_NAME = LaunchImage;
				GCC_PRECOMPILE_PREFIX_HEADER = YES;
				GCC_PREFIX_HEADER = "BattlehackHackIOSClient/BattlehackHackIOSClient-Prefix.pch";
				INFOPLIST_FILE = "BattlehackHackIOSClient/BattlehackHackIOSClient-Info.plist";
				LIBRARY_SEARCH_PATHS = (
					"$(inherited)",
					/Users/alex/Documents/Work/other/battlehack/moscow/BattlehackHackIOSClient/PayPalMobile,
				);
				"OTHER_LDFLAGS[arch=*]" = (
					"-lc++",
					"-ObjC",
				);
				PRODUCT_NAME = "$(TARGET_NAME)";
				WRAPPER_EXTENSION = app;
			};
			name = Release;
		};
		FA58D1D218381980005C8239 /* Debug */ = {
			isa = XCBuildConfiguration;
			buildSettings = {
				ARCHS = "$(ARCHS_STANDARD_INCLUDING_64_BIT)";
				BUNDLE_LOADER = "$(BUILT_PRODUCTS_DIR)/BattlehackHackIOSClient.app/BattlehackHackIOSClient";
				FRAMEWORK_SEARCH_PATHS = (
					"$(SDKROOT)/Developer/Library/Frameworks",
					"$(inherited)",
					"$(DEVELOPER_FRAMEWORKS_DIR)",
				);
				GCC_PRECOMPILE_PREFIX_HEADER = YES;
				GCC_PREFIX_HEADER = "BattlehackHackIOSClient/BattlehackHackIOSClient-Prefix.pch";
				GCC_PREPROCESSOR_DEFINITIONS = (
					"DEBUG=1",
					"$(inherited)",
				);
				INFOPLIST_FILE = "BattlehackHackIOSClientTests/BattlehackHackIOSClientTests-Info.plist";
				PRODUCT_NAME = "$(TARGET_NAME)";
				TEST_HOST = "$(BUNDLE_LOADER)";
				WRAPPER_EXTENSION = xctest;
			};
			name = Debug;
		};
		FA58D1D318381980005C8239 /* Release */ = {
			isa = XCBuildConfiguration;
			buildSettings = {
				ARCHS = "$(ARCHS_STANDARD_INCLUDING_64_BIT)";
				BUNDLE_LOADER = "$(BUILT_PRODUCTS_DIR)/BattlehackHackIOSClient.app/BattlehackHackIOSClient";
				FRAMEWORK_SEARCH_PATHS = (
					"$(SDKROOT)/Developer/Library/Frameworks",
					"$(inherited)",
					"$(DEVELOPER_FRAMEWORKS_DIR)",
				);
				GCC_PRECOMPILE_PREFIX_HEADER = YES;
				GCC_PREFIX_HEADER = "BattlehackHackIOSClient/BattlehackHackIOSClient-Prefix.pch";
				INFOPLIST_FILE = "BattlehackHackIOSClientTests/BattlehackHackIOSClientTests-Info.plist";
				PRODUCT_NAME = "$(TARGET_NAME)";
				TEST_HOST = "$(BUNDLE_LOADER)";
				WRAPPER_EXTENSION = xctest;
			};
			name = Release;
		};
/* End XCBuildConfiguration section */

/* Begin XCConfigurationList section */
		FA58D19718381980005C8239 /* Build configuration list for PBXProject "BattlehackHackIOSClient" */ = {
			isa = XCConfigurationList;
			buildConfigurations = (
				FA58D1CC18381980005C8239 /* Debug */,
				FA58D1CD18381980005C8239 /* Release */,
			);
			defaultConfigurationIsVisible = 0;
			defaultConfigurationName = Release;
		};
		FA58D1CE18381980005C8239 /* Build configuration list for PBXNativeTarget "BattlehackHackIOSClient" */ = {
			isa = XCConfigurationList;
			buildConfigurations = (
				FA58D1CF18381980005C8239 /* Debug */,
				FA58D1D018381980005C8239 /* Release */,
			);
			defaultConfigurationIsVisible = 0;
			defaultConfigurationName = Release;
		};
		FA58D1D118381980005C8239 /* Build configuration list for PBXNativeTarget "BattlehackHackIOSClientTests" */ = {
			isa = XCConfigurationList;
			buildConfigurations = (
				FA58D1D218381980005C8239 /* Debug */,
				FA58D1D318381980005C8239 /* Release */,
			);
			defaultConfigurationIsVisible = 0;
			defaultConfigurationName = Release;
		};
/* End XCConfigurationList section */
	};
	rootObject = FA58D19418381980005C8239 /* Project object */;
}
